Microsoft Visual Studio Solution File, Format Version 12.00
# Visual Studio Version 17
VisualStudioVersion = 17.5.2.0
MinimumVisualStudioVersion = 10.0.40219.1
Project("{FAE04EC0-301F-11D3-BF4B-00C04F79EFBC}") = "EventLogCrash", "EventLogCrash\EventLogCrash.csproj", "{9698B023-049A-D9EA-3746-786B8B95AC0E}"
EndProject
Global
	GlobalSection(SolutionConfigurationPlatforms) = preSolution
		Debug|Any CPU = Debug|Any CPU
		Release|Any CPU = Release|Any CPU
	EndGlobalSection
	GlobalSection(ProjectConfigurationPlatforms) = postSolution
		{9698B023-049A-D9EA-3746-786B8B95AC0E}.Debug|Any CPU.ActiveCfg = Debug|Any CPU
		{9698B023-049A-D9EA-3746-786B8B95AC0E}.Debug|Any CPU.Build.0 = Debug|Any CPU
		{9698B023-049A-D9EA-3746-786B8B95AC0E}.Release|Any CPU.ActiveCfg = Release|Any CPU
		{9698B023-049A-D9EA-3746-786B8B95AC0E}.Release|Any CPU.Build.0 = Release|Any CPU
	EndGlobalSection
	GlobalSection(SolutionProperties) = preSolution
		HideSolutionNode = FALSE
	EndGlobalSection
	GlobalSection(ExtensibilityGlobals) = postSolution
		SolutionGuid = {AC7805C6-6CC6-4655-8DE8-D86617EAC039}
	EndGlobalSection
EndGlobal
